
Microsoft Visual Studio Solution File, Format Version 12.00
# Visual Studio 15
VisualStudioVersion = 15.0.28307.779
MinimumVisualStudioVersion = 10.0.40219.1
Project("{9A19103F-16F7-4668-BE54-9A1E7A4F7556}") = "Product.API", "Product.API\Product.API.csproj", "{33B0A7C1-6035-466C-86B7-1DD3F151AFA0}"
EndProject
Project("{FAE04EC0-301F-11D3-BF4B-00C04F79EFBC}") = "Product.API.Test", "Product.API.Test\Product.API.Test.csproj", "{B1B2A22C-51D3-4449-84C2-5CB752F37D92}"
EndProject
Global
	GlobalSection(SolutionConfigurationPlatforms) = preSolution
		Debug|Any CPU = Debug|Any CPU
		Release|Any CPU = Release|Any CPU
	EndGlobalSection
	GlobalSection(ProjectConfigurationPlatforms) = postSolution
		{33B0A7C1-6035-466C-86B7-1DD3F151AFA0}.Debug|Any CPU.ActiveCfg = Debug|Any CPU
		{33B0A7C1-6035-466C-86B7-1DD3F151AFA0}.Debug|Any CPU.Build.0 = Debug|Any CPU
		{33B0A7C1-6035-466C-86B7-1DD3F151AFA0}.Release|Any CPU.ActiveCfg = Release|Any CPU
		{33B0A7C1-6035-466C-86B7-1DD3F151AFA0}.Release|Any CPU.Build.0 = Release|Any CPU
		{B1B2A22C-51D3-4449-84C2-5CB752F37D92}.Debug|Any CPU.ActiveCfg = Debug|Any CPU
		{B1B2A22C-51D3-4449-84C2-5CB752F37D92}.Debug|Any CPU.Build.0 = Debug|Any CPU
		{B1B2A22C-51D3-4449-84C2-5CB752F37D92}.Release|Any CPU.ActiveCfg = Release|Any CPU
		{B1B2A22C-51D3-4449-84C2-5CB752F37D92}.Release|Any CPU.Build.0 = Release|Any CPU
	EndGlobalSection
	GlobalSection(SolutionProperties) = preSolution
		HideSolutionNode = FALSE
	EndGlobalSection
	GlobalSection(ExtensibilityGlobals) = postSolution
		SolutionGuid = {CD2C2BD3-58E1-4F24-9964-9DC32CB89F83}
	EndGlobalSection
EndGlobal
